// !$*UTF8*$!
{
	archiveVersion = 1;
	classes = {
	};
	objectVersion = 50;
	objects = {

/* Begin PBXBuildFile section */
		2020E41F21F9AC16003401FB /* RequestsTableCell.swift in Sources */ = {isa = PBXBuildFile; fileRef = 2020E41A21F9AC15003401FB /* RequestsTableCell.swift */; };
		2020E42021F9AC16003401FB /* Request.swift in Sources */ = {isa = PBXBuildFile; fileRef = 2020E41B21F9AC15003401FB /* Request.swift */; };
		2020E42121F9AC16003401FB /* RequestsTableCell.xib in Resources */ = {isa = PBXBuildFile; fileRef = 2020E41C21F9AC16003401FB /* RequestsTableCell.xib */; };
		2020E42221F9AC16003401FB /* RequestsTableVC.swift in Sources */ = {isa = PBXBuildFile; fileRef = 2020E41D21F9AC16003401FB /* RequestsTableVC.swift */; };
		2020E42321F9AC16003401FB /* RequestsService.swift in Sources */ = {isa = PBXBuildFile; fileRef = 2020E41E21F9AC16003401FB /* RequestsService.swift */; };
		C920C68C21F8663600E553ED /* Assets.xcassets in Resources */ = {isa = PBXBuildFile; fileRef = C920C68B21F8663600E553ED /* Assets.xcassets */; };
		C920C69D21F89A8900E553ED /* NewRequestViewController.swift in Sources */ = {isa = PBXBuildFile; fileRef = C920C69C21F89A8900E553ED /* NewRequestViewController.swift */; };
		C920C6A921F8A4B200E553ED /* UITextField+Extension.swift in Sources */ = {isa = PBXBuildFile; fileRef = C920C6A821F8A4B200E553ED /* UITextField+Extension.swift */; };
		C920C6AC21F8CE0100E553ED /* Constants.swift in Sources */ = {isa = PBXBuildFile; fileRef = C920C6AB21F8CE0100E553ED /* Constants.swift */; };
		C920C6AE21F8D14B00E553ED /* GoogleService-Info.plist in Resources */ = {isa = PBXBuildFile; fileRef = C920C6AD21F8D14B00E553ED /* GoogleService-Info.plist */; };
		C96EA65E21F8DBCC000517A3 /* LoginSecondViewController.swift in Sources */ = {isa = PBXBuildFile; fileRef = C96EA65D21F8DBCC000517A3 /* LoginSecondViewController.swift */; };
		C9DA1F3421F7C4FB0095A0A8 /* AppDelegate.swift in Sources */ = {isa = PBXBuildFile; fileRef = C9DA1F3321F7C4FB0095A0A8 /* AppDelegate.swift */; };
		C9DA1F3621F7C4FB0095A0A8 /* LoginViewController.swift in Sources */ = {isa = PBXBuildFile; fileRef = C9DA1F3521F7C4FB0095A0A8 /* LoginViewController.swift */; };
		C9DA1F3921F7C4FB0095A0A8 /* Main.storyboard in Resources */ = {isa = PBXBuildFile; fileRef = C9DA1F3721F7C4FB0095A0A8 /* Main.storyboard */; };
		C9DA1F3E21F7C4FC0095A0A8 /* LaunchScreen.storyboard in Resources */ = {isa = PBXBuildFile; fileRef = C9DA1F3C21F7C4FC0095A0A8 /* LaunchScreen.storyboard */; };
		C9DA1F4821F7CB580095A0A8 /* MainTabController.swift in Sources */ = {isa = PBXBuildFile; fileRef = C9DA1F4721F7CB580095A0A8 /* MainTabController.swift */; };
		CD6FC94D44CBA88311ADF52E /* Pods_fUber.framework in Frameworks */ = {isa = PBXBuildFile; fileRef = 6E879D7C2849307AB7E0933B /* Pods_fUber.framework */; };
/* End PBXBuildFile section */

/* Begin PBXFileReference section */
		2020E41A21F9AC15003401FB /* RequestsTableCell.swift */ = {isa = PBXFileReference; fileEncoding = 4; lastKnownFileType = sourcecode.swift; path = RequestsTableCell.swift; sourceTree = "<group>"; };
		2020E41B21F9AC15003401FB /* Request.swift */ = {isa = PBXFileReference; fileEncoding = 4; lastKnownFileType = sourcecode.swift; path = Request.swift; sourceTree = "<group>"; };
		2020E41C21F9AC16003401FB /* RequestsTableCell.xib */ = {isa = PBXFileReference; fileEncoding = 4; lastKnownFileType = file.xib; path = RequestsTableCell.xib; sourceTree = "<group>"; };
		2020E41D21F9AC16003401FB /* RequestsTableVC.swift */ = {isa = PBXFileReference; fileEncoding = 4; lastKnownFileType = sourcecode.swift; path = RequestsTableVC.swift; sourceTree = "<group>"; };
		2020E41E21F9AC16003401FB /* RequestsService.swift */ = {isa = PBXFileReference; fileEncoding = 4; lastKnownFileType = sourcecode.swift; path = RequestsService.swift; sourceTree = "<group>"; };
		381B4795435860142CCD1792 /* Pods-fUber.debug.xcconfig */ = {isa = PBXFileReference; includeInIndex = 1; lastKnownFileType = text.xcconfig; name = "Pods-fUber.debug.xcconfig"; path = "Pods/Target Support Files/Pods-fUber/Pods-fUber.debug.xcconfig"; sourceTree = "<group>"; };
		61C6A33E2DA38F659F47341B /* Pods-fUber.release.xcconfig */ = {isa = PBXFileReference; includeInIndex = 1; lastKnownFileType = text.xcconfig; name = "Pods-fUber.release.xcconfig"; path = "Pods/Target Support Files/Pods-fUber/Pods-fUber.release.xcconfig"; sourceTree = "<group>"; };
		6E879D7C2849307AB7E0933B /* Pods_fUber.framework */ = {isa = PBXFileReference; explicitFileType = wrapper.framework; includeInIndex = 0; path = Pods_fUber.framework; sourceTree = BUILT_PRODUCTS_DIR; };
		C920C68B21F8663600E553ED /* Assets.xcassets */ = {isa = PBXFileReference; lastKnownFileType = folder.assetcatalog; path = Assets.xcassets; sourceTree = "<group>"; };
		C920C69C21F89A8900E553ED /* NewRequestViewController.swift */ = {isa = PBXFileReference; lastKnownFileType = sourcecode.swift; path = NewRequestViewController.swift; sourceTree = "<group>"; };
		C920C6A821F8A4B200E553ED /* UITextField+Extension.swift */ = {isa = PBXFileReference; lastKnownFileType = sourcecode.swift; path = "UITextField+Extension.swift"; sourceTree = "<group>"; };
		C920C6AB21F8CE0100E553ED /* Constants.swift */ = {isa = PBXFileReference; lastKnownFileType = sourcecode.swift; path = Constants.swift; sourceTree = "<group>"; };
		C920C6AD21F8D14B00E553ED /* GoogleService-Info.plist */ = {isa = PBXFileReference; fileEncoding = 4; lastKnownFileType = text.plist.xml; path = "GoogleService-Info.plist"; sourceTree = "<group>"; };
		C96EA65D21F8DBCC000517A3 /* LoginSecondViewController.swift */ = {isa = PBXFileReference; lastKnownFileType = sourcecode.swift; path = LoginSecondViewController.swift; sourceTree = "<group>"; };
		C9DA1F3021F7C4FB0095A0A8 /* fUber.app */ = {isa = PBXFileReference; explicitFileType = wrapper.application; includeInIndex = 0; path = fUber.app; sourceTree = BUILT_PRODUCTS_DIR; };
		C9DA1F3321F7C4FB0095A0A8 /* AppDelegate.swift */ = {isa = PBXFileReference; lastKnownFileType = sourcecode.swift; path = AppDelegate.swift; sourceTree = "<group>"; };
		C9DA1F3521F7C4FB0095A0A8 /* LoginViewController.swift */ = {isa = PBXFileReference; lastKnownFileType = sourcecode.swift; path = LoginViewController.swift; sourceTree = "<group>"; };
		C9DA1F3821F7C4FB0095A0A8 /* Base */ = {isa = PBXFileReference; lastKnownFileType = file.storyboard; name = Base; path = Base.lproj/Main.storyboard; sourceTree = "<group>"; };
		C9DA1F3D21F7C4FC0095A0A8 /* Base */ = {isa = PBXFileReference; lastKnownFileType = file.storyboard; name = Base; path = Base.lproj/LaunchScreen.storyboard; sourceTree = "<group>"; };
		C9DA1F3F21F7C4FC0095A0A8 /* Info.plist */ = {isa = PBXFileReference; lastKnownFileType = text.plist.xml; path = Info.plist; sourceTree = "<group>"; };
		C9DA1F4721F7CB580095A0A8 /* MainTabController.swift */ = {isa = PBXFileReference; lastKnownFileType = sourcecode.swift; path = MainTabController.swift; sourceTree = "<group>"; };
/* End PBXFileReference section */

/* Begin PBXFrameworksBuildPhase section */
		C9DA1F2D21F7C4FB0095A0A8 /* Frameworks */ = {
			isa = PBXFrameworksBuildPhase;
			buildActionMask = 2147483647;
			files = (
				CD6FC94D44CBA88311ADF52E /* Pods_fUber.framework in Frameworks */,
			);
			runOnlyForDeploymentPostprocessing = 0;
		};
/* End PBXFrameworksBuildPhase section */

/* Begin PBXGroup section */
		2020E41921F9ABFF003401FB /* requestsTable */ = {
			isa = PBXGroup;
			children = (
				2020E41B21F9AC15003401FB /* Request.swift */,
				2020E41E21F9AC16003401FB /* RequestsService.swift */,
				2020E41A21F9AC15003401FB /* RequestsTableCell.swift */,
				2020E41C21F9AC16003401FB /* RequestsTableCell.xib */,
				2020E41D21F9AC16003401FB /* RequestsTableVC.swift */,
			);
			name = requestsTable;
			path = "New Group";
			sourceTree = "<group>";
		};
		4137D2E80383511C37C93964 /* Frameworks */ = {
			isa = PBXGroup;
			children = (
				6E879D7C2849307AB7E0933B /* Pods_fUber.framework */,
			);
			name = Frameworks;
			sourceTree = "<group>";
		};
		9CFFCCD53690FF76DEFE0EC5 /* Pods */ = {
			isa = PBXGroup;
			children = (
				381B4795435860142CCD1792 /* Pods-fUber.debug.xcconfig */,
				61C6A33E2DA38F659F47341B /* Pods-fUber.release.xcconfig */,
			);
			name = Pods;
			sourceTree = "<group>";
		};
		C920C69821F89A2200E553ED /* View */ = {
			isa = PBXGroup;
			children = (
				C9DA1F3521F7C4FB0095A0A8 /* LoginViewController.swift */,
				C96EA65D21F8DBCC000517A3 /* LoginSecondViewController.swift */,
				C9DA1F3721F7C4FB0095A0A8 /* Main.storyboard */,
				C9DA1F4721F7CB580095A0A8 /* MainTabController.swift */,
				C920C69B21F89A5A00E553ED /* Tabs */,
			);
			path = View;
			sourceTree = "<group>";
		};
		C920C69921F89A3000E553ED /* Supporting Files */ = {
			isa = PBXGroup;
			children = (
				C9DA1F3321F7C4FB0095A0A8 /* AppDelegate.swift */,
				C9DA1F3C21F7C4FC0095A0A8 /* LaunchScreen.storyboard */,
				C920C6AD21F8D14B00E553ED /* GoogleService-Info.plist */,
				C9DA1F3F21F7C4FC0095A0A8 /* Info.plist */,
			);
			path = "Supporting Files";
			sourceTree = "<group>";
		};
		C920C69A21F89A3900E553ED /* Resources */ = {
			isa = PBXGroup;
			children = (
				C920C68B21F8663600E553ED /* Assets.xcassets */,
			);
			path = Resources;
			sourceTree = "<group>";
		};
		C920C69B21F89A5A00E553ED /* Tabs */ = {
			isa = PBXGroup;
			children = (
				C920C69C21F89A8900E553ED /* NewRequestViewController.swift */,
			);
			path = Tabs;
			sourceTree = "<group>";
		};
		C920C6AA21F8CDF700E553ED /* Utils */ = {
			isa = PBXGroup;
			children = (
				C920C6AB21F8CE0100E553ED /* Constants.swift */,
			);
			path = Utils;
			sourceTree = "<group>";
		};
		C96EA65A21F8DB4F000517A3 /* Extensions */ = {
			isa = PBXGroup;
			children = (
				C920C6A821F8A4B200E553ED /* UITextField+Extension.swift */,
			);
			path = Extensions;
			sourceTree = "<group>";
		};
		C9DA1F2721F7C4FB0095A0A8 = {
			isa = PBXGroup;
			children = (
				C9DA1F3221F7C4FB0095A0A8 /* fUber */,
				C9DA1F3121F7C4FB0095A0A8 /* Products */,
				9CFFCCD53690FF76DEFE0EC5 /* Pods */,
				4137D2E80383511C37C93964 /* Frameworks */,
			);
			sourceTree = "<group>";
		};
		C9DA1F3121F7C4FB0095A0A8 /* Products */ = {
			isa = PBXGroup;
			children = (
				C9DA1F3021F7C4FB0095A0A8 /* fUber.app */,
			);
			name = Products;
			sourceTree = "<group>";
		};
		C9DA1F3221F7C4FB0095A0A8 /* fUber */ = {
			isa = PBXGroup;
			children = (
				2020E41921F9ABFF003401FB /* requestsTable */,
				C96EA65A21F8DB4F000517A3 /* Extensions */,
				C920C6AA21F8CDF700E553ED /* Utils */,
				C920C69921F89A3000E553ED /* Supporting Files */,
				C920C69821F89A2200E553ED /* View */,
				C920C69A21F89A3900E553ED /* Resources */,
			);
			path = fUber;
			sourceTree = "<group>";
		};
/* End PBXGroup section */

/* Begin PBXNativeTarget section */
		C9DA1F2F21F7C4FB0095A0A8 /* fUber */ = {
			isa = PBXNativeTarget;
			buildConfigurationList = C9DA1F4221F7C4FC0095A0A8 /* Build configuration list for PBXNativeTarget "fUber" */;
			buildPhases = (
				825D01AF71A89E69063BC45C /* [CP] Check Pods Manifest.lock */,
				C9DA1F2C21F7C4FB0095A0A8 /* Sources */,
				C9DA1F2D21F7C4FB0095A0A8 /* Frameworks */,
				C9DA1F2E21F7C4FB0095A0A8 /* Resources */,
				1267D64AA96D43451352596C /* [CP] Embed Pods Frameworks */,
			);
			buildRules = (
			);
			dependencies = (
			);
			name = fUber;
			productName = fUber;
			productReference = C9DA1F3021F7C4FB0095A0A8 /* fUber.app */;
			productType = "com.apple.product-type.application";
		};
/* End PBXNativeTarget section */

/* Begin PBXProject section */
		C9DA1F2821F7C4FB0095A0A8 /* Project object */ = {
			isa = PBXProject;
			attributes = {
				LastSwiftUpdateCheck = 1010;
				LastUpgradeCheck = 1010;
				ORGANIZATIONNAME = "Serhiy Rosovskyy";
				TargetAttributes = {
					C9DA1F2F21F7C4FB0095A0A8 = {
						CreatedOnToolsVersion = 10.1;
					};
				};
			};
			buildConfigurationList = C9DA1F2B21F7C4FB0095A0A8 /* Build configuration list for PBXProject "fUber" */;
			compatibilityVersion = "Xcode 9.3";
			developmentRegion = en;
			hasScannedForEncodings = 0;
			knownRegions = (
				en,
				Base,
			);
			mainGroup = C9DA1F2721F7C4FB0095A0A8;
			productRefGroup = C9DA1F3121F7C4FB0095A0A8 /* Products */;
			projectDirPath = "";
			projectRoot = "";
			targets = (
				C9DA1F2F21F7C4FB0095A0A8 /* fUber */,
			);
		};
/* End PBXProject section */

/* Begin PBXResourcesBuildPhase section */
		C9DA1F2E21F7C4FB0095A0A8 /* Resources */ = {
			isa = PBXResourcesBuildPhase;
			buildActionMask = 2147483647;
			files = (
				2020E42121F9AC16003401FB /* RequestsTableCell.xib in Resources */,
				C9DA1F3E21F7C4FC0095A0A8 /* LaunchScreen.storyboard in Resources */,
				C920C6AE21F8D14B00E553ED /* GoogleService-Info.plist in Resources */,
				C920C68C21F8663600E553ED /* Assets.xcassets in Resources */,
				C9DA1F3921F7C4FB0095A0A8 /* Main.storyboard in Resources */,
			);
			runOnlyForDeploymentPostprocessing = 0;
		};
/* End PBXResourcesBuildPhase section */

/* Begin PBXShellScriptBuildPhase section */
		1267D64AA96D43451352596C /* [CP] Embed Pods Frameworks */ = {
			isa = PBXShellScriptBuildPhase;
			buildActionMask = 2147483647;
			files = (
			);
			inputFileListPaths = (
			);
			inputPaths = (
				"${SRCROOT}/Pods/Target Support Files/Pods-fUber/Pods-fUber-frameworks.sh",
				"${BUILT_PRODUCTS_DIR}/GTMSessionFetcher/GTMSessionFetcher.framework",
				"${BUILT_PRODUCTS_DIR}/GoogleUtilities/GoogleUtilities.framework",
				"${BUILT_PRODUCTS_DIR}/nanopb/nanopb.framework",
			);
			name = "[CP] Embed Pods Frameworks";
			outputFileListPaths = (
			);
			outputPaths = (
				"${TARGET_BUILD_DIR}/${FRAMEWORKS_FOLDER_PATH}/GTMSessionFetcher.framework",
				"${TARGET_BUILD_DIR}/${FRAMEWORKS_FOLDER_PATH}/GoogleUtilities.framework",
				"${TARGET_BUILD_DIR}/${FRAMEWORKS_FOLDER_PATH}/nanopb.framework",
			);
			runOnlyForDeploymentPostprocessing = 0;
			shellPath = /bin/sh;
			shellScript = "\"${SRCROOT}/Pods/Target Support Files/Pods-fUber/Pods-fUber-frameworks.sh\"\n";
			showEnvVarsInLog = 0;
		};
		825D01AF71A89E69063BC45C /* [CP] Check Pods Manifest.lock */ = {
			isa = PBXShellScriptBuildPhase;
			buildActionMask = 2147483647;
			files = (
			);
			inputFileListPaths = (
			);
			inputPaths = (
				"${PODS_PODFILE_DIR_PATH}/Podfile.lock",
				"${PODS_ROOT}/Manifest.lock",
			);
			name = "[CP] Check Pods Manifest.lock";
			outputFileListPaths = (
			);
			outputPaths = (
				"$(DERIVED_FILE_DIR)/Pods-fUber-checkManifestLockResult.txt",
			);
			runOnlyForDeploymentPostprocessing = 0;
			shellPath = /bin/sh;
			shellScript = "diff \"${PODS_PODFILE_DIR_PATH}/Podfile.lock\" \"${PODS_ROOT}/Manifest.lock\" > /dev/null\nif [ $? != 0 ] ; then\n    # print error to STDERR\n    echo \"error: The sandbox is not in sync with the Podfile.lock. Run 'pod install' or update your CocoaPods installation.\" >&2\n    exit 1\nfi\n# This output is used by Xcode 'outputs' to avoid re-running this script phase.\necho \"SUCCESS\" > \"${SCRIPT_OUTPUT_FILE_0}\"\n";
			showEnvVarsInLog = 0;
		};
/* End PBXShellScriptBuildPhase section */

/* Begin PBXSourcesBuildPhase section */
		C9DA1F2C21F7C4FB0095A0A8 /* Sources */ = {
			isa = PBXSourcesBuildPhase;
			buildActionMask = 2147483647;
			files = (
				C920C6A921F8A4B200E553ED /* UITextField+Extension.swift in Sources */,
				2020E42221F9AC16003401FB /* RequestsTableVC.swift in Sources */,
				C9DA1F3621F7C4FB0095A0A8 /* LoginViewController.swift in Sources */,
				C9DA1F3421F7C4FB0095A0A8 /* AppDelegate.swift in Sources */,
				C9DA1F4821F7CB580095A0A8 /* MainTabController.swift in Sources */,
				C920C69D21F89A8900E553ED /* NewRequestViewController.swift in Sources */,
				C920C6AC21F8CE0100E553ED /* Constants.swift in Sources */,
				2020E41F21F9AC16003401FB /* RequestsTableCell.swift in Sources */,
				2020E42021F9AC16003401FB /* Request.swift in Sources */,
				C96EA65E21F8DBCC000517A3 /* LoginSecondViewController.swift in Sources */,
				2020E42321F9AC16003401FB /* RequestsService.swift in Sources */,
			);
			runOnlyForDeploymentPostprocessing = 0;
		};
/* End PBXSourcesBuildPhase section */

/* Begin PBXVariantGroup section */
		C9DA1F3721F7C4FB0095A0A8 /* Main.storyboard */ = {
			isa = PBXVariantGroup;
			children = (
				C9DA1F3821F7C4FB0095A0A8 /* Base */,
			);
			name = Main.storyboard;
			sourceTree = "<group>";
		};
		C9DA1F3C21F7C4FC0095A0A8 /* LaunchScreen.storyboard */ = {
			isa = PBXVariantGroup;
			children = (
				C9DA1F3D21F7C4FC0095A0A8 /* Base */,
			);
			name = LaunchScreen.storyboard;
			sourceTree = "<group>";
		};
/* End PBXVariantGroup section */

/* Begin XCBuildConfiguration section */
		C9DA1F4021F7C4FC0095A0A8 /* Debug */ = {
			isa = XCBuildConfiguration;
			buildSettings = {
				CLANG_ANALYZER_NONNULL = YES;
				CLANG_ANALYZER_NUMBER_OBJECT_CONVERSION = YES_AGGRESSIVE;
				CLANG_CXX_LANGUAGE_STANDARD = "gnu++14";
				CLANG_CXX_LIBRARY = "libc++";
				CLANG_ENABLE_MODULES = YES;
				CLANG_ENABLE_OBJC_ARC = YES;
				CLANG_ENABLE_OBJC_WEAK = YES;
				CLANG_WARN_BLOCK_CAPTURE_AUTORELEASING = YES;
				CLANG_WARN_BOOL_CONVERSION = YES;
				CLANG_WARN_COMMA = YES;
				CLANG_WARN_CONSTANT_CONVERSION = YES;
				CLANG_WARN_DEPRECATED_OBJC_IMPLEMENTATIONS = YES;
				CLANG_WARN_DIRECT_OBJC_ISA_USAGE = YES_ERROR;
				CLANG_WARN_DOCUMENTATION_COMMENTS = YES;
				CLANG_WARN_EMPTY_BODY = YES;
				CLANG_WARN_ENUM_CONVERSION = YES;
				CLANG_WARN_INFINITE_RECURSION = YES;
				CLANG_WARN_INT_CONVERSION = YES;
				CLANG_WARN_NON_LITERAL_NULL_CONVERSION = YES;
				CLANG_WARN_OBJC_IMPLICIT_RETAIN_SELF = YES;
				CLANG_WARN_OBJC_LITERAL_CONVERSION = YES;
				CLANG_WARN_OBJC_ROOT_CLASS = YES_ERROR;
				CLANG_WARN_RANGE_LOOP_ANALYSIS = YES;
				CLANG_WARN_STRICT_PROTOTYPES = YES;
				CLANG_WARN_SUSPICIOUS_MOVE = YES;
				CLANG_WARN_UNGUARDED_AVAILABILITY = YES_AGGRESSIVE;
				CLANG_WARN_UNREACHABLE_CODE = YES;
				CLANG_WARN__DUPLICATE_METHOD_MATCH = YES;
				CODE_SIGN_IDENTITY = "iPhone Developer";
				COPY_PHASE_STRIP = NO;
				DEBUG_INFORMATION_FORMAT = dwarf;
				ENABLE_STRICT_OBJC_MSGSEND = YES;
				ENABLE_TESTABILITY = YES;
				GCC_C_LANGUAGE_STANDARD = gnu11;
				GCC_DYNAMIC_NO_PIC = NO;
				GCC_NO_COMMON_BLOCKS = YES;
				GCC_OPTIMIZATION_LEVEL = 0;
				GCC_PREPROCESSOR_DEFINITIONS = (
					"DEBUG=1",
					"$(inherited)",
				);
				GCC_WARN_64_TO_32_BIT_CONVERSION = YES;
				GCC_WARN_ABOUT_RETURN_TYPE = YES_ERROR;
				GCC_WARN_UNDECLARED_SELECTOR = YES;
				GCC_WARN_UNINITIALIZED_AUTOS = YES_AGGRESSIVE;
				GCC_WARN_UNUSED_FUNCTION = YES;
				GCC_WARN_UNUSED_VARIABLE = YES;
				IPHONEOS_DEPLOYMENT_TARGET = 12.1;
				MTL_ENABLE_DEBUG_INFO = INCLUDE_SOURCE;
				MTL_FAST_MATH = YES;
				ONLY_ACTIVE_ARCH = YES;
				SDKROOT = iphoneos;
				SWIFT_ACTIVE_COMPILATION_CONDITIONS = DEBUG;
				SWIFT_OPTIMIZATION_LEVEL = "-Onone";
			};
			name = Debug;
		};
		C9DA1F4121F7C4FC0095A0A8 /* Release */ = {
			isa = XCBuildConfiguration;
			buildSettings = {
				CLANG_ANALYZER_NONNULL = YES;
				CLANG_ANALYZER_NUMBER_OBJECT_CONVERSION = YES_AGGRESSIVE;
				CLANG_CXX_LANGUAGE_STANDARD = "gnu++14";
				CLANG_CXX_LIBRARY = "libc++";
				CLANG_ENABLE_MODULES = YES;
				CLANG_ENABLE_OBJC_ARC = YES;
				CLANG_ENABLE_OBJC_WEAK = YES;
				CLANG_WARN_BLOCK_CAPTURE_AUTORELEASING = YES;
				CLANG_WARN_BOOL_CONVERSION = YES;
				CLANG_WARN_COMMA = YES;
				CLANG_WARN_CONSTANT_CONVERSION = YES;
				CLANG_WARN_DEPRECATED_OBJC_IMPLEMENTATIONS = YES;
				CLANG_WARN_DIRECT_OBJC_ISA_USAGE = YES_ERROR;
				CLANG_WARN_DOCUMENTATION_COMMENTS = YES;
				CLANG_WARN_EMPTY_BODY = YES;
				CLANG_WARN_ENUM_CONVERSION = YES;
				CLANG_WARN_INFINITE_RECURSION = YES;
				CLANG_WARN_INT_CONVERSION = YES;
				CLANG_WARN_NON_LITERAL_NULL_CONVERSION = YES;
				CLANG_WARN_OBJC_IMPLICIT_RETAIN_SELF = YES;
				CLANG_WARN_OBJC_LITERAL_CONVERSION = YES;
				CLANG_WARN_OBJC_ROOT_CLASS = YES_ERROR;
				CLANG_WARN_RANGE_LOOP_ANALYSIS = YES;
				CLANG_WARN_STRICT_PROTOTYPES = YES;
				CLANG_WARN_SUSPICIOUS_MOVE = YES;
				CLANG_WARN_UNGUARDED_AVAILABILITY = YES_AGGRESSIVE;
				CLANG_WARN_UNREACHABLE_CODE = YES;
				CLANG_WARN__DUPLICATE_METHOD_MATCH = YES;
				CODE_SIGN_IDENTITY = "iPhone Developer";
				COPY_PHASE_STRIP = NO;
				DEBUG_INFORMATION_FORMAT = "dwarf-with-dsym";
				ENABLE_NS_ASSERTIONS = NO;
				ENABLE_STRICT_OBJC_MSGSEND = YES;
				GCC_C_LANGUAGE_STANDARD = gnu11;
				GCC_NO_COMMON_BLOCKS = YES;
				GCC_WARN_64_TO_32_BIT_CONVERSION = YES;
				GCC_WARN_ABOUT_RETURN_TYPE = YES_ERROR;
				GCC_WARN_UNDECLARED_SELECTOR = YES;
				GCC_WARN_UNINITIALIZED_AUTOS = YES_AGGRESSIVE;
				GCC_WARN_UNUSED_FUNCTION = YES;
				GCC_WARN_UNUSED_VARIABLE = YES;
				IPHONEOS_DEPLOYMENT_TARGET = 12.1;
				MTL_ENABLE_DEBUG_INFO = NO;
				MTL_FAST_MATH = YES;
				SDKROOT = iphoneos;
				SWIFT_COMPILATION_MODE = wholemodule;
				SWIFT_OPTIMIZATION_LEVEL = "-O";
				VALIDATE_PRODUCT = YES;
			};
			name = Release;
		};
		C9DA1F4321F7C4FC0095A0A8 /* Debug */ = {
			isa = XCBuildConfiguration;
			baseConfigurationReference = 381B4795435860142CCD1792 /* Pods-fUber.debug.xcconfig */;
			buildSettings = {
				ASSETCATALOG_COMPILER_APPICON_NAME = AppIcon;
				CODE_SIGN_STYLE = Automatic;
				INFOPLIST_FILE = "$(SRCROOT)/fUber/Supporting Files/Info.plist";
				LD_RUNPATH_SEARCH_PATHS = (
					"$(inherited)",
					"@executable_path/Frameworks",
				);
				PRODUCT_BUNDLE_IDENTIFIER = com.ucu.edu.ua.fUber;
				PRODUCT_NAME = "$(TARGET_NAME)";
				SWIFT_VERSION = 4.2;
				TARGETED_DEVICE_FAMILY = "1,2";
			};
			name = Debug;
		};
		C9DA1F4421F7C4FC0095A0A8 /* Release */ = {
			isa = XCBuildConfiguration;
			baseConfigurationReference = 61C6A33E2DA38F659F47341B /* Pods-fUber.release.xcconfig */;
			buildSettings = {
				ASSETCATALOG_COMPILER_APPICON_NAME = AppIcon;
				CODE_SIGN_STYLE = Automatic;
				INFOPLIST_FILE = "$(SRCROOT)/fUber/Supporting Files/Info.plist";
				LD_RUNPATH_SEARCH_PATHS = (
					"$(inherited)",
					"@executable_path/Frameworks",
				);
				PRODUCT_BUNDLE_IDENTIFIER = com.ucu.edu.ua.fUber;
				PRODUCT_NAME = "$(TARGET_NAME)";
				SWIFT_VERSION = 4.2;
				TARGETED_DEVICE_FAMILY = "1,2";
			};
			name = Release;
		};
/* End XCBuildConfiguration section */

/* Begin XCConfigurationList section */
		C9DA1F2B21F7C4FB0095A0A8 /* Build configuration list for PBXProject "fUber" */ = {
			isa = XCConfigurationList;
			buildConfigurations = (
				C9DA1F4021F7C4FC0095A0A8 /* Debug */,
				C9DA1F4121F7C4FC0095A0A8 /* Release */,
			);
			defaultConfigurationIsVisible = 0;
			defaultConfigurationName = Release;
		};
		C9DA1F4221F7C4FC0095A0A8 /* Build configuration list for PBXNativeTarget "fUber" */ = {
			isa = XCConfigurationList;
			buildConfigurations = (
				C9DA1F4321F7C4FC0095A0A8 /* Debug */,
				C9DA1F4421F7C4FC0095A0A8 /* Release */,
			);
			defaultConfigurationIsVisible = 0;
			defaultConfigurationName = Release;
		};
/* End XCConfigurationList section */
	};
	rootObject = C9DA1F2821F7C4FB0095A0A8 /* Project object */;
}
